
Microsoft Visual Studio Solution File, Format Version 12.00
# Visual Studio 15
VisualStudioVersion = 15.0.28307.168
MinimumVisualStudioVersion = 10.0.40219.1
Project("{FAE04EC0-301F-11D3-BF4B-00C04F79EFBC}") = "Motorola.MotoTaxi.Orders.DomainModels", "Motorola.MotoTaxi.Orders.DomainModels\Motorola.MotoTaxi.Orders.DomainModels.csproj", "{6AD18D9F-E22A-45E5-8C4B-6B71C77DFC63}"
EndProject
Project("{FAE04EC0-301F-11D3-BF4B-00C04F79EFBC}") = "Motorola.MotoTaxi.Orders.IServices", "Motorola.MotoTaxi.Orders.IServices\Motorola.MotoTaxi.Orders.IServices.csproj", "{B075BAAA-35C2-438F-8905-A23442197B72}"
EndProject
Project("{FAE04EC0-301F-11D3-BF4B-00C04F79EFBC}") = "Motorola.MotoTaxi.Orders.Api", "Motorola.MotoTaxi.Orders.Api\Motorola.MotoTaxi.Orders.Api.csproj", "{72D1E57D-E327-484B-A241-96C1CA37ADC4}"
EndProject
Project("{FAE04EC0-301F-11D3-BF4B-00C04F79EFBC}") = "Motorola.MotoTaxi.Orders.FakeServices", "Motorola.MotoTaxi.Orders.FakeServices\Motorola.MotoTaxi.Orders.FakeServices.csproj", "{7AB24C10-9DCB-40A1-9D98-D076F32482D6}"
EndProject
Project("{FAE04EC0-301F-11D3-BF4B-00C04F79EFBC}") = "Motorola.MotoTaxi.Orders.DbServices", "Motorola.MotoTaxi.Orders.DbServices\Motorola.MotoTaxi.Orders.DbServices.csproj", "{4D6997C6-66FC-4709-90D7-B0EBF8DCC190}"
EndProject
Project("{FAE04EC0-301F-11D3-BF4B-00C04F79EFBC}") = "Motorola.RedisDemo", "Motorola.RedisDemo\Motorola.RedisDemo.csproj", "{02DA564F-1896-414B-A306-27E4AFF7729F}"
EndProject
Project("{FAE04EC0-301F-11D3-BF4B-00C04F79EFBC}") = "Motorola.MotoTaxi.ConsoleClient", "Motorola.MotoTaxi.ConsoleClient\Motorola.MotoTaxi.ConsoleClient.csproj", "{65C64652-B013-48D6-89E3-440D550BFE09}"
EndProject
Project("{FAE04EC0-301F-11D3-BF4B-00C04F79EFBC}") = "Motorola.MotoTaxi.Locations.IServices", "Motorola.MotoTaxi.Locations.IServices\Motorola.MotoTaxi.Locations.IServices.csproj", "{B9384A4D-6AE0-4048-BB8B-843427E7D594}"
EndProject
Project("{FAE04EC0-301F-11D3-BF4B-00C04F79EFBC}") = "Motorola.MotoTaxi.Locations.DomainModels", "Motorola.MotoTaxi.Locations.DomainModels\Motorola.MotoTaxi.Locations.DomainModels.csproj", "{75EF0250-12C4-4EA3-AD1C-11FEAA08B619}"
EndProject
Project("{FAE04EC0-301F-11D3-BF4B-00C04F79EFBC}") = "Motorola.MotoTaxi.Locations.DbServices", "Motorola.MotoTaxi.Locations.DbServices\Motorola.MotoTaxi.Locations.DbServices.csproj", "{018B5560-9C99-4406-8BF7-57FC811FB356}"
EndProject
Project("{FAE04EC0-301F-11D3-BF4B-00C04F79EFBC}") = "Motorola.MotoTaxi.Locations.Api", "Motorola.MotoTaxi.Locations.Api\Motorola.MotoTaxi.Locations.Api.csproj", "{C10D7999-25B5-4030-8F30-B5A60B1AEB01}"
EndProject
Project("{FAE04EC0-301F-11D3-BF4B-00C04F79EFBC}") = "Motorola.MotoTaxi.ConsoleReceiver", "Motorola.MotoTaxi.ConsoleReceiver\Motorola.MotoTaxi.ConsoleReceiver.csproj", "{56D4EF4F-EB88-4A85-981F-2CE6B38A3E87}"
EndProject
Global
	GlobalSection(SolutionConfigurationPlatforms) = preSolution
		Debug|Any CPU = Debug|Any CPU
		Release|Any CPU = Release|Any CPU
	EndGlobalSection
	GlobalSection(ProjectConfigurationPlatforms) = postSolution
		{6AD18D9F-E22A-45E5-8C4B-6B71C77DFC63}.Debug|Any CPU.ActiveCfg = Debug|Any CPU
		{6AD18D9F-E22A-45E5-8C4B-6B71C77DFC63}.Debug|Any CPU.Build.0 = Debug|Any CPU
		{6AD18D9F-E22A-45E5-8C4B-6B71C77DFC63}.Release|Any CPU.ActiveCfg = Release|Any CPU
		{6AD18D9F-E22A-45E5-8C4B-6B71C77DFC63}.Release|Any CPU.Build.0 = Release|Any CPU
		{B075BAAA-35C2-438F-8905-A23442197B72}.Debug|Any CPU.ActiveCfg = Debug|Any CPU
		{B075BAAA-35C2-438F-8905-A23442197B72}.Debug|Any CPU.Build.0 = Debug|Any CPU
		{B075BAAA-35C2-438F-8905-A23442197B72}.Release|Any CPU.ActiveCfg = Release|Any CPU
		{B075BAAA-35C2-438F-8905-A23442197B72}.Release|Any CPU.Build.0 = Release|Any CPU
		{72D1E57D-E327-484B-A241-96C1CA37ADC4}.Debug|Any CPU.ActiveCfg = Debug|Any CPU
		{72D1E57D-E327-484B-A241-96C1CA37ADC4}.Debug|Any CPU.Build.0 = Debug|Any CPU
		{72D1E57D-E327-484B-A241-96C1CA37ADC4}.Release|Any CPU.ActiveCfg = Release|Any CPU
		{72D1E57D-E327-484B-A241-96C1CA37ADC4}.Release|Any CPU.Build.0 = Release|Any CPU
		{7AB24C10-9DCB-40A1-9D98-D076F32482D6}.Debug|Any CPU.ActiveCfg = Debug|Any CPU
		{7AB24C10-9DCB-40A1-9D98-D076F32482D6}.Debug|Any CPU.Build.0 = Debug|Any CPU
		{7AB24C10-9DCB-40A1-9D98-D076F32482D6}.Release|Any CPU.ActiveCfg = Release|Any CPU
		{7AB24C10-9DCB-40A1-9D98-D076F32482D6}.Release|Any CPU.Build.0 = Release|Any CPU
		{4D6997C6-66FC-4709-90D7-B0EBF8DCC190}.Debug|Any CPU.ActiveCfg = Debug|Any CPU
		{4D6997C6-66FC-4709-90D7-B0EBF8DCC190}.Debug|Any CPU.Build.0 = Debug|Any CPU
		{4D6997C6-66FC-4709-90D7-B0EBF8DCC190}.Release|Any CPU.ActiveCfg = Release|Any CPU
		{4D6997C6-66FC-4709-90D7-B0EBF8DCC190}.Release|Any CPU.Build.0 = Release|Any CPU
		{02DA564F-1896-414B-A306-27E4AFF7729F}.Debug|Any CPU.ActiveCfg = Debug|Any CPU
		{02DA564F-1896-414B-A306-27E4AFF7729F}.Debug|Any CPU.Build.0 = Debug|Any CPU
		{02DA564F-1896-414B-A306-27E4AFF7729F}.Release|Any CPU.ActiveCfg = Release|Any CPU
		{02DA564F-1896-414B-A306-27E4AFF7729F}.Release|Any CPU.Build.0 = Release|Any CPU
		{65C64652-B013-48D6-89E3-440D550BFE09}.Debug|Any CPU.ActiveCfg = Debug|Any CPU
		{65C64652-B013-48D6-89E3-440D550BFE09}.Debug|Any CPU.Build.0 = Debug|Any CPU
		{65C64652-B013-48D6-89E3-440D550BFE09}.Release|Any CPU.ActiveCfg = Release|Any CPU
		{65C64652-B013-48D6-89E3-440D550BFE09}.Release|Any CPU.Build.0 = Release|Any CPU
		{B9384A4D-6AE0-4048-BB8B-843427E7D594}.Debug|Any CPU.ActiveCfg = Debug|Any CPU
		{B9384A4D-6AE0-4048-BB8B-843427E7D594}.Debug|Any CPU.Build.0 = Debug|Any CPU
		{B9384A4D-6AE0-4048-BB8B-843427E7D594}.Release|Any CPU.ActiveCfg = Release|Any CPU
		{B9384A4D-6AE0-4048-BB8B-843427E7D594}.Release|Any CPU.Build.0 = Release|Any CPU
		{75EF0250-12C4-4EA3-AD1C-11FEAA08B619}.Debug|Any CPU.ActiveCfg = Debug|Any CPU
		{75EF0250-12C4-4EA3-AD1C-11FEAA08B619}.Debug|Any CPU.Build.0 = Debug|Any CPU
		{75EF0250-12C4-4EA3-AD1C-11FEAA08B619}.Release|Any CPU.ActiveCfg = Release|Any CPU
		{75EF0250-12C4-4EA3-AD1C-11FEAA08B619}.Release|Any CPU.Build.0 = Release|Any CPU
		{018B5560-9C99-4406-8BF7-57FC811FB356}.Debug|Any CPU.ActiveCfg = Debug|Any CPU
		{018B5560-9C99-4406-8BF7-57FC811FB356}.Debug|Any CPU.Build.0 = Debug|Any CPU
		{018B5560-9C99-4406-8BF7-57FC811FB356}.Release|Any CPU.ActiveCfg = Release|Any CPU
		{018B5560-9C99-4406-8BF7-57FC811FB356}.Release|Any CPU.Build.0 = Release|Any CPU
		{C10D7999-25B5-4030-8F30-B5A60B1AEB01}.Debug|Any CPU.ActiveCfg = Debug|Any CPU
		{C10D7999-25B5-4030-8F30-B5A60B1AEB01}.Debug|Any CPU.Build.0 = Debug|Any CPU
		{C10D7999-25B5-4030-8F30-B5A60B1AEB01}.Release|Any CPU.ActiveCfg = Release|Any CPU
		{C10D7999-25B5-4030-8F30-B5A60B1AEB01}.Release|Any CPU.Build.0 = Release|Any CPU
		{56D4EF4F-EB88-4A85-981F-2CE6B38A3E87}.Debug|Any CPU.ActiveCfg = Debug|Any CPU
		{56D4EF4F-EB88-4A85-981F-2CE6B38A3E87}.Debug|Any CPU.Build.0 = Debug|Any CPU
		{56D4EF4F-EB88-4A85-981F-2CE6B38A3E87}.Release|Any CPU.ActiveCfg = Release|Any CPU
		{56D4EF4F-EB88-4A85-981F-2CE6B38A3E87}.Release|Any CPU.Build.0 = Release|Any CPU
	EndGlobalSection
	GlobalSection(SolutionProperties) = preSolution
		HideSolutionNode = FALSE
	EndGlobalSection
	GlobalSection(ExtensibilityGlobals) = postSolution
		SolutionGuid = {0F976DD3-BF5F-450D-88D6-42AAA82F9B4A}
	EndGlobalSection
EndGlobal
