
Microsoft Visual Studio Solution File, Format Version 12.00
# Visual Studio 15
VisualStudioVersion = 15.0.28307.168
MinimumVisualStudioVersion = 10.0.40219.1
Project("{FAE04EC0-301F-11D3-BF4B-00C04F79EFBC}") = "Motorola.MotoTaxi.Orders.DomainModels", "Motorola.MotoTaxi.Orders.DomainModels\Motorola.MotoTaxi.Orders.DomainModels.csproj", "{6AD18D9F-E22A-45E5-8C4B-6B71C77DFC63}"
EndProject
Global
	GlobalSection(SolutionConfigurationPlatforms) = preSolution
		Debug|Any CPU = Debug|Any CPU
		Release|Any CPU = Release|Any CPU
	EndGlobalSection
	GlobalSection(ProjectConfigurationPlatforms) = postSolution
		{6AD18D9F-E22A-45E5-8C4B-6B71C77DFC63}.Debug|Any CPU.ActiveCfg = Debug|Any CPU
		{6AD18D9F-E22A-45E5-8C4B-6B71C77DFC63}.Debug|Any CPU.Build.0 = Debug|Any CPU
		{6AD18D9F-E22A-45E5-8C4B-6B71C77DFC63}.Release|Any CPU.ActiveCfg = Release|Any CPU
		{6AD18D9F-E22A-45E5-8C4B-6B71C77DFC63}.Release|Any CPU.Build.0 = Release|Any CPU
	EndGlobalSection
	GlobalSection(SolutionProperties) = preSolution
		HideSolutionNode = FALSE
	EndGlobalSection
	GlobalSection(ExtensibilityGlobals) = postSolution
		SolutionGuid = {0F976DD3-BF5F-450D-88D6-42AAA82F9B4A}
	EndGlobalSection
EndGlobal
